// !$*UTF8*$!
{
	archiveVersion = 1;
	classes = {
	};
	objectVersion = 50;
	objects = {

/* Begin PBXBuildFile section */
		67E24520223FB0320098EB99 /* AppDelegate.m in Sources */ = {isa = PBXBuildFile; fileRef = 67E2451F223FB0320098EB99 /* AppDelegate.m */; };
		67E24526223FB0320098EB99 /* Main.storyboard in Resources */ = {isa = PBXBuildFile; fileRef = 67E24524223FB0320098EB99 /* Main.storyboard */; };
		67E24528223FB0340098EB99 /* Assets.xcassets in Resources */ = {isa = PBXBuildFile; fileRef = 67E24527223FB0340098EB99 /* Assets.xcassets */; };
		67E2452B223FB0340098EB99 /* LaunchScreen.storyboard in Resources */ = {isa = PBXBuildFile; fileRef = 67E24529223FB0340098EB99 /* LaunchScreen.storyboard */; };
		67E2452E223FB0340098EB99 /* main.m in Sources */ = {isa = PBXBuildFile; fileRef = 67E2452D223FB0340098EB99 /* main.m */; };
		67E24538223FB0340098EB99 /* MyFirstAppTests.m in Sources */ = {isa = PBXBuildFile; fileRef = 67E24537223FB0340098EB99 /* MyFirstAppTests.m */; };
		67E24543223FB0340098EB99 /* MyFirstAppUITests.m in Sources */ = {isa = PBXBuildFile; fileRef = 67E24542223FB0340098EB99 /* MyFirstAppUITests.m */; };
		67E24552223FB0C50098EB99 /* Greeting.cpp in Sources */ = {isa = PBXBuildFile; fileRef = 67E24550223FB0C50098EB99 /* Greeting.cpp */; };
		67E24554223FB4BD0098EB99 /* ViewController.mm in Sources */ = {isa = PBXBuildFile; fileRef = 67E24553223FB4BC0098EB99 /* ViewController.mm */; };
/* End PBXBuildFile section */

/* Begin PBXContainerItemProxy section */
		67E24534223FB0340098EB99 /* PBXContainerItemProxy */ = {
			isa = PBXContainerItemProxy;
			containerPortal = 67E24513223FB0320098EB99 /* Project object */;
			proxyType = 1;
			remoteGlobalIDString = 67E2451A223FB0320098EB99;
			remoteInfo = MyFirstApp;
		};
		67E2453F223FB0340098EB99 /* PBXContainerItemProxy */ = {
			isa = PBXContainerItemProxy;
			containerPortal = 67E24513223FB0320098EB99 /* Project object */;
			proxyType = 1;
			remoteGlobalIDString = 67E2451A223FB0320098EB99;
			remoteInfo = MyFirstApp;
		};
/* End PBXContainerItemProxy section */

/* Begin PBXFileReference section */
		67E2451B223FB0320098EB99 /* MyFirstApp.app */ = {isa = PBXFileReference; explicitFileType = wrapper.application; includeInIndex = 0; path = MyFirstApp.app; sourceTree = BUILT_PRODUCTS_DIR; };
		67E2451E223FB0320098EB99 /* AppDelegate.h */ = {isa = PBXFileReference; lastKnownFileType = sourcecode.c.h; path = AppDelegate.h; sourceTree = "<group>"; };
		67E2451F223FB0320098EB99 /* AppDelegate.m */ = {isa = PBXFileReference; lastKnownFileType = sourcecode.c.objc; path = AppDelegate.m; sourceTree = "<group>"; };
		67E24521223FB0320098EB99 /* ViewController.h */ = {isa = PBXFileReference; lastKnownFileType = sourcecode.c.h; path = ViewController.h; sourceTree = "<group>"; };
		67E24525223FB0320098EB99 /* Base */ = {isa = PBXFileReference; lastKnownFileType = file.storyboard; name = Base; path = Base.lproj/Main.storyboard; sourceTree = "<group>"; };
		67E24527223FB0340098EB99 /* Assets.xcassets */ = {isa = PBXFileReference; lastKnownFileType = folder.assetcatalog; path = Assets.xcassets; sourceTree = "<group>"; };
		67E2452A223FB0340098EB99 /* Base */ = {isa = PBXFileReference; lastKnownFileType = file.storyboard; name = Base; path = Base.lproj/LaunchScreen.storyboard; sourceTree = "<group>"; };
		67E2452C223FB0340098EB99 /* Info.plist */ = {isa = PBXFileReference; lastKnownFileType = text.plist.xml; path = Info.plist; sourceTree = "<group>"; };
		67E2452D223FB0340098EB99 /* main.m */ = {isa = PBXFileReference; lastKnownFileType = sourcecode.c.objc; path = main.m; sourceTree = "<group>"; };
		67E24533223FB0340098EB99 /* MyFirstAppTests.xctest */ = {isa = PBXFileReference; explicitFileType = wrapper.cfbundle; includeInIndex = 0; path = MyFirstAppTests.xctest; sourceTree = BUILT_PRODUCTS_DIR; };
		67E24537223FB0340098EB99 /* MyFirstAppTests.m */ = {isa = PBXFileReference; lastKnownFileType = sourcecode.c.objc; path = MyFirstAppTests.m; sourceTree = "<group>"; };
		67E24539223FB0340098EB99 /* Info.plist */ = {isa = PBXFileReference; lastKnownFileType = text.plist.xml; path = Info.plist; sourceTree = "<group>"; };
		67E2453E223FB0340098EB99 /* MyFirstAppUITests.xctest */ = {isa = PBXFileReference; explicitFileType = wrapper.cfbundle; includeInIndex = 0; path = MyFirstAppUITests.xctest; sourceTree = BUILT_PRODUCTS_DIR; };
		67E24542223FB0340098EB99 /* MyFirstAppUITests.m */ = {isa = PBXFileReference; lastKnownFileType = sourcecode.c.objc; path = MyFirstAppUITests.m; sourceTree = "<group>"; };
		67E24544223FB0340098EB99 /* Info.plist */ = {isa = PBXFileReference; lastKnownFileType = text.plist.xml; path = Info.plist; sourceTree = "<group>"; };
		67E24550223FB0C50098EB99 /* Greeting.cpp */ = {isa = PBXFileReference; lastKnownFileType = sourcecode.cpp.cpp; path = Greeting.cpp; sourceTree = "<group>"; };
		67E24551223FB0C50098EB99 /* Greeting.hpp */ = {isa = PBXFileReference; lastKnownFileType = sourcecode.cpp.h; path = Greeting.hpp; sourceTree = "<group>"; };
		67E24553223FB4BC0098EB99 /* ViewController.mm */ = {isa = PBXFileReference; fileEncoding = 4; lastKnownFileType = sourcecode.cpp.objcpp; path = ViewController.mm; sourceTree = "<group>"; };
/* End PBXFileReference section */

/* Begin PBXFrameworksBuildPhase section */
		67E24518223FB0320098EB99 /* Frameworks */ = {
			isa = PBXFrameworksBuildPhase;
			buildActionMask = 2147483647;
			files = (
			);
			runOnlyForDeploymentPostprocessing = 0;
		};
		67E24530223FB0340098EB99 /* Frameworks */ = {
			isa = PBXFrameworksBuildPhase;
			buildActionMask = 2147483647;
			files = (
			);
			runOnlyForDeploymentPostprocessing = 0;
		};
		67E2453B223FB0340098EB99 /* Frameworks */ = {
			isa = PBXFrameworksBuildPhase;
			buildActionMask = 2147483647;
			files = (
			);
			runOnlyForDeploymentPostprocessing = 0;
		};
/* End PBXFrameworksBuildPhase section */

/* Begin PBXGroup section */
		67E24512223FB0320098EB99 = {
			isa = PBXGroup;
			children = (
				67E2451D223FB0320098EB99 /* MyFirstApp */,
				67E24536223FB0340098EB99 /* MyFirstAppTests */,
				67E24541223FB0340098EB99 /* MyFirstAppUITests */,
				67E2451C223FB0320098EB99 /* Products */,
			);
			sourceTree = "<group>";
		};
		67E2451C223FB0320098EB99 /* Products */ = {
			isa = PBXGroup;
			children = (
				67E2451B223FB0320098EB99 /* MyFirstApp.app */,
				67E24533223FB0340098EB99 /* MyFirstAppTests.xctest */,
				67E2453E223FB0340098EB99 /* MyFirstAppUITests.xctest */,
			);
			name = Products;
			sourceTree = "<group>";
		};
		67E2451D223FB0320098EB99 /* MyFirstApp */ = {
			isa = PBXGroup;
			children = (
				67E24553223FB4BC0098EB99 /* ViewController.mm */,
				67E24550223FB0C50098EB99 /* Greeting.cpp */,
				67E24551223FB0C50098EB99 /* Greeting.hpp */,
				67E2451E223FB0320098EB99 /* AppDelegate.h */,
				67E2451F223FB0320098EB99 /* AppDelegate.m */,
				67E24521223FB0320098EB99 /* ViewController.h */,
				67E24524223FB0320098EB99 /* Main.storyboard */,
				67E24527223FB0340098EB99 /* Assets.xcassets */,
				67E24529223FB0340098EB99 /* LaunchScreen.storyboard */,
				67E2452C223FB0340098EB99 /* Info.plist */,
				67E2452D223FB0340098EB99 /* main.m */,
			);
			path = MyFirstApp;
			sourceTree = "<group>";
		};
		67E24536223FB0340098EB99 /* MyFirstAppTests */ = {
			isa = PBXGroup;
			children = (
				67E24537223FB0340098EB99 /* MyFirstAppTests.m */,
				67E24539223FB0340098EB99 /* Info.plist */,
			);
			path = MyFirstAppTests;
			sourceTree = "<group>";
		};
		67E24541223FB0340098EB99 /* MyFirstAppUITests */ = {
			isa = PBXGroup;
			children = (
				67E24542223FB0340098EB99 /* MyFirstAppUITests.m */,
				67E24544223FB0340098EB99 /* Info.plist */,
			);
			path = MyFirstAppUITests;
			sourceTree = "<group>";
		};
/* End PBXGroup section */

/* Begin PBXNativeTarget section */
		67E2451A223FB0320098EB99 /* MyFirstApp */ = {
			isa = PBXNativeTarget;
			buildConfigurationList = 67E24547223FB0340098EB99 /* Build configuration list for PBXNativeTarget "MyFirstApp" */;
			buildPhases = (
				67E24517223FB0320098EB99 /* Sources */,
				67E24518223FB0320098EB99 /* Frameworks */,
				67E24519223FB0320098EB99 /* Resources */,
			);
			buildRules = (
			);
			dependencies = (
			);
			name = MyFirstApp;
			productName = MyFirstApp;
			productReference = 67E2451B223FB0320098EB99 /* MyFirstApp.app */;
			productType = "com.apple.product-type.application";
		};
		67E24532223FB0340098EB99 /* MyFirstAppTests */ = {
			isa = PBXNativeTarget;
			buildConfigurationList = 67E2454A223FB0340098EB99 /* Build configuration list for PBXNativeTarget "MyFirstAppTests" */;
			buildPhases = (
				67E2452F223FB0340098EB99 /* Sources */,
				67E24530223FB0340098EB99 /* Frameworks */,
				67E24531223FB0340098EB99 /* Resources */,
			);
			buildRules = (
			);
			dependencies = (
				67E24535223FB0340098EB99 /* PBXTargetDependency */,
			);
			name = MyFirstAppTests;
			productName = MyFirstAppTests;
			productReference = 67E24533223FB0340098EB99 /* MyFirstAppTests.xctest */;
			productType = "com.apple.product-type.bundle.unit-test";
		};
		67E2453D223FB0340098EB99 /* MyFirstAppUITests */ = {
			isa = PBXNativeTarget;
			buildConfigurationList = 67E2454D223FB0340098EB99 /* Build configuration list for PBXNativeTarget "MyFirstAppUITests" */;
			buildPhases = (
				67E2453A223FB0340098EB99 /* Sources */,
				67E2453B223FB0340098EB99 /* Frameworks */,
				67E2453C223FB0340098EB99 /* Resources */,
			);
			buildRules = (
			);
			dependencies = (
				67E24540223FB0340098EB99 /* PBXTargetDependency */,
			);
			name = MyFirstAppUITests;
			productName = MyFirstAppUITests;
			productReference = 67E2453E223FB0340098EB99 /* MyFirstAppUITests.xctest */;
			productType = "com.apple.product-type.bundle.ui-testing";
		};
/* End PBXNativeTarget section */

/* Begin PBXProject section */
		67E24513223FB0320098EB99 /* Project object */ = {
			isa = PBXProject;
			attributes = {
				LastUpgradeCheck = 0940;
				ORGANIZATIONNAME = "Jewel Posniak";
				TargetAttributes = {
					67E2451A223FB0320098EB99 = {
						CreatedOnToolsVersion = 9.4.1;
					};
					67E24532223FB0340098EB99 = {
						CreatedOnToolsVersion = 9.4.1;
						TestTargetID = 67E2451A223FB0320098EB99;
					};
					67E2453D223FB0340098EB99 = {
						CreatedOnToolsVersion = 9.4.1;
						TestTargetID = 67E2451A223FB0320098EB99;
					};
				};
			};
			buildConfigurationList = 67E24516223FB0320098EB99 /* Build configuration list for PBXProject "MyFirstApp" */;
			compatibilityVersion = "Xcode 9.3";
			developmentRegion = en;
			hasScannedForEncodings = 0;
			knownRegions = (
				en,
				Base,
			);
			mainGroup = 67E24512223FB0320098EB99;
			productRefGroup = 67E2451C223FB0320098EB99 /* Products */;
			projectDirPath = "";
			projectRoot = "";
			targets = (
				67E2451A223FB0320098EB99 /* MyFirstApp */,
				67E24532223FB0340098EB99 /* MyFirstAppTests */,
				67E2453D223FB0340098EB99 /* MyFirstAppUITests */,
			);
		};
/* End PBXProject section */

/* Begin PBXResourcesBuildPhase section */
		67E24519223FB0320098EB99 /* Resources */ = {
			isa = PBXResourcesBuildPhase;
			buildActionMask = 2147483647;
			files = (
				67E2452B223FB0340098EB99 /* LaunchScreen.storyboard in Resources */,
				67E24528223FB0340098EB99 /* Assets.xcassets in Resources */,
				67E24526223FB0320098EB99 /* Main.storyboard in Resources */,
			);
			runOnlyForDeploymentPostprocessing = 0;
		};
		67E24531223FB0340098EB99 /* Resources */ = {
			isa = PBXResourcesBuildPhase;
			buildActionMask = 2147483647;
			files = (
			);
			runOnlyForDeploymentPostprocessing = 0;
		};
		67E2453C223FB0340098EB99 /* Resources */ = {
			isa = PBXResourcesBuildPhase;
			buildActionMask = 2147483647;
			files = (
			);
			runOnlyForDeploymentPostprocessing = 0;
		};
/* End PBXResourcesBuildPhase section */

/* Begin PBXSourcesBuildPhase section */
		67E24517223FB0320098EB99 /* Sources */ = {
			isa = PBXSourcesBuildPhase;
			buildActionMask = 2147483647;
			files = (
				67E24554223FB4BD0098EB99 /* ViewController.mm in Sources */,
				67E2452E223FB0340098EB99 /* main.m in Sources */,
				67E24552223FB0C50098EB99 /* Greeting.cpp in Sources */,
				67E24520223FB0320098EB99 /* AppDelegate.m in Sources */,
			);
			runOnlyForDeploymentPostprocessing = 0;
		};
		67E2452F223FB0340098EB99 /* Sources */ = {
			isa = PBXSourcesBuildPhase;
			buildActionMask = 2147483647;
			files = (
				67E24538223FB0340098EB99 /* MyFirstAppTests.m in Sources */,
			);
			runOnlyForDeploymentPostprocessing = 0;
		};
		67E2453A223FB0340098EB99 /* Sources */ = {
			isa = PBXSourcesBuildPhase;
			buildActionMask = 2147483647;
			files = (
				67E24543223FB0340098EB99 /* MyFirstAppUITests.m in Sources */,
			);
			runOnlyForDeploymentPostprocessing = 0;
		};
/* End PBXSourcesBuildPhase section */

/* Begin PBXTargetDependency section */
		67E24535223FB0340098EB99 /* PBXTargetDependency */ = {
			isa = PBXTargetDependency;
			target = 67E2451A223FB0320098EB99 /* MyFirstApp */;
			targetProxy = 67E24534223FB0340098EB99 /* PBXContainerItemProxy */;
		};
		67E24540223FB0340098EB99 /* PBXTargetDependency */ = {
			isa = PBXTargetDependency;
			target = 67E2451A223FB0320098EB99 /* MyFirstApp */;
			targetProxy = 67E2453F223FB0340098EB99 /* PBXContainerItemProxy */;
		};
/* End PBXTargetDependency section */

/* Begin PBXVariantGroup section */
		67E24524223FB0320098EB99 /* Main.storyboard */ = {
			isa = PBXVariantGroup;
			children = (
				67E24525223FB0320098EB99 /* Base */,
			);
			name = Main.storyboard;
			sourceTree = "<group>";
		};
		67E24529223FB0340098EB99 /* LaunchScreen.storyboard */ = {
			isa = PBXVariantGroup;
			children = (
				67E2452A223FB0340098EB99 /* Base */,
			);
			name = LaunchScreen.storyboard;
			sourceTree = "<group>";
		};
/* End PBXVariantGroup section */

/* Begin XCBuildConfiguration section */
		67E24545223FB0340098EB99 /* Debug */ = {
			isa = XCBuildConfiguration;
			buildSettings = {
				ALWAYS_SEARCH_USER_PATHS = NO;
				CLANG_ANALYZER_NONNULL = YES;
				CLANG_ANALYZER_NUMBER_OBJECT_CONVERSION = YES_AGGRESSIVE;
				CLANG_CXX_LANGUAGE_STANDARD = "gnu++14";
				CLANG_CXX_LIBRARY = "libc++";
				CLANG_ENABLE_MODULES = YES;
				CLANG_ENABLE_OBJC_ARC = YES;
				CLANG_ENABLE_OBJC_WEAK = YES;
				CLANG_WARN_BLOCK_CAPTURE_AUTORELEASING = YES;
				CLANG_WARN_BOOL_CONVERSION = YES;
				CLANG_WARN_COMMA = YES;
				CLANG_WARN_CONSTANT_CONVERSION = YES;
				CLANG_WARN_DEPRECATED_OBJC_IMPLEMENTATIONS = YES;
				CLANG_WARN_DIRECT_OBJC_ISA_USAGE = YES_ERROR;
				CLANG_WARN_DOCUMENTATION_COMMENTS = YES;
				CLANG_WARN_EMPTY_BODY = YES;
				CLANG_WARN_ENUM_CONVERSION = YES;
				CLANG_WARN_INFINITE_RECURSION = YES;
				CLANG_WARN_INT_CONVERSION = YES;
				CLANG_WARN_NON_LITERAL_NULL_CONVERSION = YES;
				CLANG_WARN_OBJC_IMPLICIT_RETAIN_SELF = YES;
				CLANG_WARN_OBJC_LITERAL_CONVERSION = YES;
				CLANG_WARN_OBJC_ROOT_CLASS = YES_ERROR;
				CLANG_WARN_RANGE_LOOP_ANALYSIS = YES;
				CLANG_WARN_STRICT_PROTOTYPES = YES;
				CLANG_WARN_SUSPICIOUS_MOVE = YES;
				CLANG_WARN_UNGUARDED_AVAILABILITY = YES_AGGRESSIVE;
				CLANG_WARN_UNREACHABLE_CODE = YES;
				CLANG_WARN__DUPLICATE_METHOD_MATCH = YES;
				CODE_SIGN_IDENTITY = "iPhone Developer";
				COPY_PHASE_STRIP = NO;
				DEBUG_INFORMATION_FORMAT = dwarf;
				ENABLE_STRICT_OBJC_MSGSEND = YES;
				ENABLE_TESTABILITY = YES;
				GCC_C_LANGUAGE_STANDARD = gnu11;
				GCC_DYNAMIC_NO_PIC = NO;
				GCC_NO_COMMON_BLOCKS = YES;
				GCC_OPTIMIZATION_LEVEL = 0;
				GCC_PREPROCESSOR_DEFINITIONS = (
					"DEBUG=1",
					"$(inherited)",
				);
				GCC_WARN_64_TO_32_BIT_CONVERSION = YES;
				GCC_WARN_ABOUT_RETURN_TYPE = YES_ERROR;
				GCC_WARN_UNDECLARED_SELECTOR = YES;
				GCC_WARN_UNINITIALIZED_AUTOS = YES_AGGRESSIVE;
				GCC_WARN_UNUSED_FUNCTION = YES;
				GCC_WARN_UNUSED_VARIABLE = YES;
				IPHONEOS_DEPLOYMENT_TARGET = 11.4;
				MTL_ENABLE_DEBUG_INFO = YES;
				ONLY_ACTIVE_ARCH = YES;
				SDKROOT = iphoneos;
			};
			name = Debug;
		};
		67E24546223FB0340098EB99 /* Release */ = {
			isa = XCBuildConfiguration;
			buildSettings = {
				ALWAYS_SEARCH_USER_PATHS = NO;
				CLANG_ANALYZER_NONNULL = YES;
				CLANG_ANALYZER_NUMBER_OBJECT_CONVERSION = YES_AGGRESSIVE;
				CLANG_CXX_LANGUAGE_STANDARD = "gnu++14";
				CLANG_CXX_LIBRARY = "libc++";
				CLANG_ENABLE_MODULES = YES;
				CLANG_ENABLE_OBJC_ARC = YES;
				CLANG_ENABLE_OBJC_WEAK = YES;
				CLANG_WARN_BLOCK_CAPTURE_AUTORELEASING = YES;
				CLANG_WARN_BOOL_CONVERSION = YES;
				CLANG_WARN_COMMA = YES;
				CLANG_WARN_CONSTANT_CONVERSION = YES;
				CLANG_WARN_DEPRECATED_OBJC_IMPLEMENTATIONS = YES;
				CLANG_WARN_DIRECT_OBJC_ISA_USAGE = YES_ERROR;
				CLANG_WARN_DOCUMENTATION_COMMENTS = YES;
				CLANG_WARN_EMPTY_BODY = YES;
				CLANG_WARN_ENUM_CONVERSION = YES;
				CLANG_WARN_INFINITE_RECURSION = YES;
				CLANG_WARN_INT_CONVERSION = YES;
				CLANG_WARN_NON_LITERAL_NULL_CONVERSION = YES;
				CLANG_WARN_OBJC_IMPLICIT_RETAIN_SELF = YES;
				CLANG_WARN_OBJC_LITERAL_CONVERSION = YES;
				CLANG_WARN_OBJC_ROOT_CLASS = YES_ERROR;
				CLANG_WARN_RANGE_LOOP_ANALYSIS = YES;
				CLANG_WARN_STRICT_PROTOTYPES = YES;
				CLANG_WARN_SUSPICIOUS_MOVE = YES;
				CLANG_WARN_UNGUARDED_AVAILABILITY = YES_AGGRESSIVE;
				CLANG_WARN_UNREACHABLE_CODE = YES;
				CLANG_WARN__DUPLICATE_METHOD_MATCH = YES;
				CODE_SIGN_IDENTITY = "iPhone Developer";
				COPY_PHASE_STRIP = NO;
				DEBUG_INFORMATION_FORMAT = "dwarf-with-dsym";
				ENABLE_NS_ASSERTIONS = NO;
				ENABLE_STRICT_OBJC_MSGSEND = YES;
				GCC_C_LANGUAGE_STANDARD = gnu11;
				GCC_NO_COMMON_BLOCKS = YES;
				GCC_WARN_64_TO_32_BIT_CONVERSION = YES;
				GCC_WARN_ABOUT_RETURN_TYPE = YES_ERROR;
				GCC_WARN_UNDECLARED_SELECTOR = YES;
				GCC_WARN_UNINITIALIZED_AUTOS = YES_AGGRESSIVE;
				GCC_WARN_UNUSED_FUNCTION = YES;
				GCC_WARN_UNUSED_VARIABLE = YES;
				IPHONEOS_DEPLOYMENT_TARGET = 11.4;
				MTL_ENABLE_DEBUG_INFO = NO;
				SDKROOT = iphoneos;
				VALIDATE_PRODUCT = YES;
			};
			name = Release;
		};
		67E24548223FB0340098EB99 /* Debug */ = {
			isa = XCBuildConfiguration;
			buildSettings = {
				ASSETCATALOG_COMPILER_APPICON_NAME = AppIcon;
				CODE_SIGN_STYLE = Automatic;
				INFOPLIST_FILE = MyFirstApp/Info.plist;
				LD_RUNPATH_SEARCH_PATHS = (
					"$(inherited)",
					"@executable_path/Frameworks",
				);
				PRODUCT_BUNDLE_IDENTIFIER = jewelie.MyFirstApp;
				PRODUCT_NAME = "$(TARGET_NAME)";
				TARGETED_DEVICE_FAMILY = "1,2";
			};
			name = Debug;
		};
		67E24549223FB0340098EB99 /* Release */ = {
			isa = XCBuildConfiguration;
			buildSettings = {
				ASSETCATALOG_COMPILER_APPICON_NAME = AppIcon;
				CODE_SIGN_STYLE = Automatic;
				INFOPLIST_FILE = MyFirstApp/Info.plist;
				LD_RUNPATH_SEARCH_PATHS = (
					"$(inherited)",
					"@executable_path/Frameworks",
				);
				PRODUCT_BUNDLE_IDENTIFIER = jewelie.MyFirstApp;
				PRODUCT_NAME = "$(TARGET_NAME)";
				TARGETED_DEVICE_FAMILY = "1,2";
			};
			name = Release;
		};
		67E2454B223FB0340098EB99 /* Debug */ = {
			isa = XCBuildConfiguration;
			buildSettings = {
				BUNDLE_LOADER = "$(TEST_HOST)";
				CODE_SIGN_STYLE = Automatic;
				INFOPLIST_FILE = MyFirstAppTests/Info.plist;
				LD_RUNPATH_SEARCH_PATHS = (
					"$(inherited)",
					"@executable_path/Frameworks",
					"@loader_path/Frameworks",
				);
				PRODUCT_BUNDLE_IDENTIFIER = jewelie.MyFirstAppTests;
				PRODUCT_NAME = "$(TARGET_NAME)";
				TARGETED_DEVICE_FAMILY = "1,2";
				TEST_HOST = "$(BUILT_PRODUCTS_DIR)/MyFirstApp.app/MyFirstApp";
			};
			name = Debug;
		};
		67E2454C223FB0340098EB99 /* Release */ = {
			isa = XCBuildConfiguration;
			buildSettings = {
				BUNDLE_LOADER = "$(TEST_HOST)";
				CODE_SIGN_STYLE = Automatic;
				INFOPLIST_FILE = MyFirstAppTests/Info.plist;
				LD_RUNPATH_SEARCH_PATHS = (
					"$(inherited)",
					"@executable_path/Frameworks",
					"@loader_path/Frameworks",
				);
				PRODUCT_BUNDLE_IDENTIFIER = jewelie.MyFirstAppTests;
				PRODUCT_NAME = "$(TARGET_NAME)";
				TARGETED_DEVICE_FAMILY = "1,2";
				TEST_HOST = "$(BUILT_PRODUCTS_DIR)/MyFirstApp.app/MyFirstApp";
			};
			name = Release;
		};
		67E2454E223FB0340098EB99 /* Debug */ = {
			isa = XCBuildConfiguration;
			buildSettings = {
				CODE_SIGN_STYLE = Automatic;
				INFOPLIST_FILE = MyFirstAppUITests/Info.plist;
				LD_RUNPATH_SEARCH_PATHS = (
					"$(inherited)",
					"@executable_path/Frameworks",
					"@loader_path/Frameworks",
				);
				PRODUCT_BUNDLE_IDENTIFIER = jewelie.MyFirstAppUITests;
				PRODUCT_NAME = "$(TARGET_NAME)";
				TARGETED_DEVICE_FAMILY = "1,2";
				TEST_TARGET_NAME = MyFirstApp;
			};
			name = Debug;
		};
		67E2454F223FB0340098EB99 /* Release */ = {
			isa = XCBuildConfiguration;
			buildSettings = {
				CODE_SIGN_STYLE = Automatic;
				INFOPLIST_FILE = MyFirstAppUITests/Info.plist;
				LD_RUNPATH_SEARCH_PATHS = (
					"$(inherited)",
					"@executable_path/Frameworks",
					"@loader_path/Frameworks",
				);
				PRODUCT_BUNDLE_IDENTIFIER = jewelie.MyFirstAppUITests;
				PRODUCT_NAME = "$(TARGET_NAME)";
				TARGETED_DEVICE_FAMILY = "1,2";
				TEST_TARGET_NAME = MyFirstApp;
			};
			name = Release;
		};
/* End XCBuildConfiguration section */

/* Begin XCConfigurationList section */
		67E24516223FB0320098EB99 /* Build configuration list for PBXProject "MyFirstApp" */ = {
			isa = XCConfigurationList;
			buildConfigurations = (
				67E24545223FB0340098EB99 /* Debug */,
				67E24546223FB0340098EB99 /* Release */,
			);
			defaultConfigurationIsVisible = 0;
			defaultConfigurationName = Release;
		};
		67E24547223FB0340098EB99 /* Build configuration list for PBXNativeTarget "MyFirstApp" */ = {
			isa = XCConfigurationList;
			buildConfigurations = (
				67E24548223FB0340098EB99 /* Debug */,
				67E24549223FB0340098EB99 /* Release */,
			);
			defaultConfigurationIsVisible = 0;
			defaultConfigurationName = Release;
		};
		67E2454A223FB0340098EB99 /* Build configuration list for PBXNativeTarget "MyFirstAppTests" */ = {
			isa = XCConfigurationList;
			buildConfigurations = (
				67E2454B223FB0340098EB99 /* Debug */,
				67E2454C223FB0340098EB99 /* Release */,
			);
			defaultConfigurationIsVisible = 0;
			defaultConfigurationName = Release;
		};
		67E2454D223FB0340098EB99 /* Build configuration list for PBXNativeTarget "MyFirstAppUITests" */ = {
			isa = XCConfigurationList;
			buildConfigurations = (
				67E2454E223FB0340098EB99 /* Debug */,
				67E2454F223FB0340098EB99 /* Release */,
			);
			defaultConfigurationIsVisible = 0;
			defaultConfigurationName = Release;
		};
/* End XCConfigurationList section */
	};
	rootObject = 67E24513223FB0320098EB99 /* Project object */;
}
